{
  "version": "5",
  "specifiers": {
    "jsr:@cliffy/command@^1.2.1": "1.2.1",
    "jsr:@cliffy/flags@1.2.1": "1.2.1",
    "jsr:@cliffy/internal@1.2.1": "1.2.1",
    "jsr:@cliffy/table@1.2.1": "1.2.1",
    "jsr:@david/jsonc-morph@~0.3.4": "0.3.5",
    "jsr:@deno/deploy@0.0.9904": "0.0.9904",
    "jsr:@deno/framework-detect@0.3": "0.3.0",
    "jsr:@deno/sandbox@~0.13.2": "0.13.2",
    "jsr:@hono/hono@4": "4.12.33",
    "jsr:@std/assert@1": "1.0.19",
    "jsr:@std/async@^1.5.0": "1.5.0",
    "jsr:@std/cli@1.0.32": "1.0.32",
    "jsr:@std/data-structures@^1.1.1": "1.1.2",
    "jsr:@std/dotenv@~0.225.7": "0.225.8",
    "jsr:@std/encoding@^1.0.11": "1.0.11",
    "jsr:@std/fmt@^1.0.10": "1.0.10",
    "jsr:@std/fs@^1.0.19": "1.0.24",
    "jsr:@std/fs@^1.0.24": "1.0.24",
    "jsr:@std/internal@^1.0.12": "1.0.14",
    "jsr:@std/internal@^1.0.14": "1.0.14",
    "jsr:@std/jsonc@^1.0.2": "1.0.2",
    "jsr:@std/path@^1.1.2": "1.1.6",
    "jsr:@std/path@^1.1.5": "1.1.6",
    "jsr:@std/path@^1.1.6": "1.1.6",
    "jsr:@std/semver@^1.0.8": "1.0.8",
    "jsr:@std/streams@^1.0.17": "1.1.2",
    "jsr:@std/tar@~0.1.10": "0.1.10",
    "jsr:@std/text@^1.0.19": "1.0.19",
    "npm:@libsql/client@0.5": "0.5.6",
    "npm:@trpc/client@^11.18.0": "11.18.0_@trpc+server@11.18.0_typescript@7.0.2",
    "npm:@trpc/server@^11.18.0": "11.18.0_typescript@7.0.2",
    "npm:event-source-polyfill@^1.0.31": "1.0.31",
    "npm:open@^10.2.0": "10.2.0",
    "npm:pg-connection-string@^2.14.0": "2.14.0",
    "npm:superjson@^2.2.6": "2.2.6",
    "npm:temporal-polyfill@~0.3.2": "0.3.2",
    "npm:ws@^8.18.3": "8.21.1",
    "npm:zod@^4.1.5": "4.5.4"
  },
  "jsr": {
    "@cliffy/command@1.2.1": {
      "integrity": "b7b017c81560d96580ea810c8564566884d8194416f6fc06bfdc8846e8fd590f",
      "dependencies": [
        "jsr:@cliffy/flags",
        "jsr:@cliffy/internal",
        "jsr:@cliffy/table",
        "jsr:@std/fmt",
        "jsr:@std/text"
      ]
    },
    "@cliffy/flags@1.2.1": {
      "integrity": "10034920ef7595db586fecec5a3b10a4ec800c513cbbc368414cd748dac706fb",
      "dependencies": [
        "jsr:@cliffy/internal",
        "jsr:@std/text"
      ]
    },
    "@cliffy/internal@1.2.1": {
      "integrity": "e398f41c6839d3d4d249c963bfcb1058013091425926d53a3cb482b1ca70684b"
    },
    "@cliffy/table@1.2.1": {
      "integrity": "be333e62f2c754f8bf75a38c8177515b152040572c9f75298e9bcef1314b82ff",
      "dependencies": [
        "jsr:@std/fmt"
      ]
    },
    "@david/jsonc-morph@0.3.5": {
      "integrity": "c60b33ba2e3add2c2bda45d83b0a029119cbaa09175f9a494c643a2180a15598"
    },
    "@deno/deploy@0.0.9904": {
      "integrity": "e75ce4d8f3f38b9a93ab0814bd4fcb4e33752245d5fbcbc95b7872082d552aa3",
      "dependencies": [
        "jsr:@cliffy/command",
        "jsr:@david/jsonc-morph",
        "jsr:@deno/framework-detect",
        "jsr:@deno/sandbox",
        "jsr:@std/async",
        "jsr:@std/cli",
        "jsr:@std/dotenv",
        "jsr:@std/encoding",
        "jsr:@std/fmt",
        "jsr:@std/fs@^1.0.24",
        "jsr:@std/path@^1.1.6",
        "jsr:@std/semver",
        "jsr:@std/tar",
        "npm:@trpc/client",
        "npm:@trpc/server",
        "npm:event-source-polyfill",
        "npm:open",
        "npm:pg-connection-string",
        "npm:superjson",
        "npm:temporal-polyfill"
      ]
    },
    "@deno/framework-detect@0.3.0": {
      "integrity": "95aac5d8366e4b007f52adc576e6e3a2abece053f18a7dcb2826ed610c25cb3b",
      "dependencies": [
        "jsr:@std/jsonc",
        "jsr:@std/path@^1.1.2"
      ]
    },
    "@deno/sandbox@0.13.2": {
      "integrity": "c24c7eb9cc00b94954ebffb4ee4f685ef731e6026788044f9eb8a1aa9bfc2cd8",
      "dependencies": [
        "jsr:@std/fs@^1.0.19",
        "jsr:@std/path@^1.1.2",
        "npm:ws",
        "npm:zod"
      ]
    },
    "@hono/hono@4.12.33": {
      "integrity": "0df9fd54840e64fd3c10455aed240ed1dbc8b2773b6d9b825e3a681378d1ba77"
    },
    "@std/assert@1.0.19": {
      "integrity": "eaada96ee120cb980bc47e040f82814d786fe8162ecc53c91d8df60b8755991e",
      "dependencies": [
        "jsr:@std/internal@^1.0.12"
      ]
    },
    "@std/async@1.5.0": {
      "integrity": "4c1f22d287a17ad7d8643b1952bc5a4d21e5d8b68dc8c20d8268eecc69096e82",
      "dependencies": [
        "jsr:@std/data-structures"
      ]
    },
    "@std/cli@1.0.32": {
      "integrity": "188b3a100d6202d64e3f5bd3d799c7fa4f6d77f92cc65eb7f641c1fa0aa92a66",
      "dependencies": [
        "jsr:@std/fmt"
      ]
    },
    "@std/data-structures@1.1.2": {
      "integrity": "2471377c9e0051f9ec34e57d0ebd0ad133a5a889677446ec6ba9938e4e102918"
    },
    "@std/dotenv@0.225.8": {
      "integrity": "27b8c1a9d00cbf938345a5924487c04d9b27bdd7e7bd1983f54bcf76d0a0174a"
    },
    "@std/encoding@1.0.11": {
      "integrity": "e7cef2f0b3153bccc17431e7c864a1de03a4b6d9647389c43e08aaa775d37385"
    },
    "@std/fmt@1.0.10": {
      "integrity": "90dfba288802ac6de82fb31d0917eb9e4450b9925b954d5e51fc29ac07419db5"
    },
    "@std/fs@1.0.24": {
      "integrity": "f3061b45b81673a2bece689da041df32d174be064c89eb6397fb5718d3fb7877",
      "dependencies": [
        "jsr:@std/internal@^1.0.14",
        "jsr:@std/path@^1.1.5"
      ]
    },
    "@std/internal@1.0.14": {
      "integrity": "291516b3d4c35024d6ffbc0a9df5bf4c64116e05b50012cf846710152d2ffdf7"
    },
    "@std/jsonc@1.0.2": {
      "integrity": "909605dae3af22bd75b1cbda8d64a32cf1fd2cf6efa3f9e224aba6d22c0f44c7"
    },
    "@std/path@1.1.6": {
      "integrity": "c68485c2a4dfbb5ae3cc74fae4e8c4e5d874cf8a8ed12927917235c758b46cbe",
      "dependencies": [
        "jsr:@std/internal@^1.0.14"
      ]
    },
    "@std/semver@1.0.8": {
      "integrity": "dc830e8b8b6a380c895d53fbfd1258dc253704ca57bbe1629ac65fd7830179b7"
    },
    "@std/streams@1.1.2": {
      "integrity": "0249bf9b78a999f57032ca4d8e7ccaa57579090242640b35ddc948fbb745d3af"
    },
    "@std/tar@0.1.10": {
      "integrity": "6bf907f3a4bc8bfef42973ba132d946756a6161ef6b914a9e1c06debe664db17",
      "dependencies": [
        "jsr:@std/streams"
      ]
    },
    "@std/text@1.0.19": {
      "integrity": "003a0e032d360e8c3a4e0410fb792c77a66bd6553fee9d60c6ec1bce30d29223"
    }
  },
  "npm": {
    "@libsql/client@0.5.6": {
      "integrity": "sha512-UBjmDoxz75Z2sHdP+ETCROpeLA/77VMesiff8R4UWK1rnaWbh6/YoCLDILMJL3Rh0udQeKxjL8MjXthqohax+g==",
      "dependencies": [
        "@libsql/core",
        "@libsql/hrana-client",
        "js-base64",
        "libsql"
      ],
      "tarball": "https://registry.npmmirror.com/@libsql/client/-/client-0.5.6.tgz"
    },
    "@libsql/core@0.5.6": {
      "integrity": "sha512-3vicUAydq6jPth410n4AsHHm1n2psTwvkSf94nfJlSXutGSZsl0updn2N/mJBgqUHkbuFoWZtlMifF0SwBj1xQ==",
      "dependencies": [
        "js-base64"
      ],
      "tarball": "https://registry.npmmirror.com/@libsql/core/-/core-0.5.6.tgz"
    },
    "@libsql/darwin-arm64@0.3.19": {
      "integrity": "sha512-rmOqsLcDI65zzxlUOoEiPJLhqmbFsZF6p4UJQ2kMqB+Kc0Rt5/A1OAdOZ/Wo8fQfJWjR1IbkbpEINFioyKf+nQ==",
      "os": ["darwin"],
      "cpu": ["arm64"],
      "tarball": "https://registry.npmmirror.com/@libsql/darwin-arm64/-/darwin-arm64-0.3.19.tgz"
    },
    "@libsql/darwin-x64@0.3.19": {
      "integrity": "sha512-q9O55B646zU+644SMmOQL3FIfpmEvdWpRpzubwFc2trsa+zoBlSkHuzU9v/C+UNoPHQVRMP7KQctJ455I/h/xw==",
      "os": ["darwin"],
      "cpu": ["x64"],
      "tarball": "https://registry.npmmirror.com/@libsql/darwin-x64/-/darwin-x64-0.3.19.tgz"
    },
    "@libsql/hrana-client@0.5.6": {
      "integrity": "sha512-mjQoAmejZ1atG+M3YR2ZW+rg6ceBByH/S/h17ZoYZkqbWrvohFhXyz2LFxj++ARMoY9m6w3RJJIRdJdmnEUlFg==",
      "dependencies": [
        "@libsql/isomorphic-fetch",
        "@libsql/isomorphic-ws",
        "js-base64",
        "node-fetch@3.3.2"
      ],
      "tarball": "https://registry.npmmirror.com/@libsql/hrana-client/-/hrana-client-0.5.6.tgz"
    },
    "@libsql/isomorphic-fetch@0.1.12": {
      "integrity": "sha512-MRo4UcmjAGAa3ac56LoD5OE13m2p0lu0VEtZC2NZMcogM/jc5fU9YtMQ3qbPjFJ+u2BBjFZgMPkQaLS1dlMhpg==",
      "dependencies": [
        "@types/node-fetch",
        "node-fetch@2.7.0"
      ],
      "tarball": "https://registry.npmmirror.com/@libsql/isomorphic-fetch/-/isomorphic-fetch-0.1.12.tgz"
    },
    "@libsql/isomorphic-ws@0.1.5": {
      "integrity": "sha512-DtLWIH29onUYR00i0GlQ3UdcTRC6EP4u9w/h9LxpUZJWRMARk6dQwZ6Jkd+QdwVpuAOrdxt18v0K2uIYR3fwFg==",
      "dependencies": [
        "@types/ws",
        "ws"
      ],
      "tarball": "https://registry.npmmirror.com/@libsql/isomorphic-ws/-/isomorphic-ws-0.1.5.tgz"
    },
    "@libsql/linux-arm64-gnu@0.3.19": {
      "integrity": "sha512-mgeAUU1oqqh57k7I3cQyU6Trpdsdt607eFyEmH5QO7dv303ti+LjUvh1pp21QWV6WX7wZyjeJV1/VzEImB+jRg==",
      "os": ["linux"],
      "cpu": ["arm64"],
      "tarball": "https://registry.npmmirror.com/@libsql/linux-arm64-gnu/-/linux-arm64-gnu-0.3.19.tgz"
    },
    "@libsql/linux-arm64-musl@0.3.19": {
      "integrity": "sha512-VEZtxghyK6zwGzU9PHohvNxthruSxBEnRrX7BSL5jQ62tN4n2JNepJ6SdzXp70pdzTfwroOj/eMwiPt94gkVRg==",
      "os": ["linux"],
      "cpu": ["arm64"],
      "tarball": "https://registry.npmmirror.com/@libsql/linux-arm64-musl/-/linux-arm64-musl-0.3.19.tgz"
    },
    "@libsql/linux-x64-gnu@0.3.19": {
      "integrity": "sha512-2t/J7LD5w2f63wGihEO+0GxfTyYIyLGEvTFEsMO16XI5o7IS9vcSHrxsvAJs4w2Pf907uDjmc7fUfMg6L82BrQ==",
      "os": ["linux"],
      "cpu": ["x64"],
      "tarball": "https://registry.npmmirror.com/@libsql/linux-x64-gnu/-/linux-x64-gnu-0.3.19.tgz"
    },
    "@libsql/linux-x64-musl@0.3.19": {
      "integrity": "sha512-BLsXyJaL8gZD8+3W2LU08lDEd9MIgGds0yPy5iNPp8tfhXx3pV/Fge2GErN0FC+nzt4DYQtjL+A9GUMglQefXQ==",
      "os": ["linux"],
      "cpu": ["x64"],
      "tarball": "https://registry.npmmirror.com/@libsql/linux-x64-musl/-/linux-x64-musl-0.3.19.tgz"
    },
    "@libsql/win32-x64-msvc@0.3.19": {
      "integrity": "sha512-ay1X9AobE4BpzG0XPw1gplyLZPGHIgJOovvW23gUrukRegiUP62uzhpRbKNogLlUOynyXeq//prHgPXiebUfWg==",
      "os": ["win32"],
      "cpu": ["x64"],
      "tarball": "https://registry.npmmirror.com/@libsql/win32-x64-msvc/-/win32-x64-msvc-0.3.19.tgz"
    },
    "@neon-rs/load@0.0.4": {
      "integrity": "sha512-kTPhdZyTQxB+2wpiRcFWrDcejc4JI6tkPuS7UZCG4l6Zvc5kU/gGQ/ozvHTh1XR5tS+UlfAfGuPajjzQjCiHCw==",
      "tarball": "https://registry.npmmirror.com/@neon-rs/load/-/load-0.0.4.tgz"
    },
    "@trpc/client@11.18.0_@trpc+server@11.18.0_typescript@7.0.2": {
      "integrity": "sha512-wOqeg3Fvl25V1ZisQhUD3K8G60ZJDlSGJNSyeXrLH24xAo5w6GSR2Kzb1cSNY9Y+IQ2YZvYGZstBU+V/ulo/ow==",
      "dependencies": [
        "@trpc/server",
        "typescript"
      ],
      "bin": true,
      "tarball": "https://registry.npmmirror.com/@trpc/client/-/client-11.18.0.tgz"
    },
    "@trpc/server@11.18.0_typescript@7.0.2": {
      "integrity": "sha512-JAvXOuNTxgXjIDfQaOvDq1j66LMNfDJUH1IU7Slfn8EvRv2EkH6ehu3A7zpYhjO0syHHiYg77v2lG2JFJgvw7Q==",
      "dependencies": [
        "typescript"
      ],
      "bin": true,
      "tarball": "https://registry.npmmirror.com/@trpc/server/-/server-11.18.0.tgz"
    },
    "@types/node-fetch@2.6.13": {
      "integrity": "sha512-QGpRVpzSaUs30JBSGPjOg4Uveu384erbHBoT1zeONvyCfwQxIkUshLAOqN/k9EjGviPRmWTTe6aH2qySWKTVSw==",
      "dependencies": [
        "@types/node",
        "form-data"
      ],
      "tarball": "https://registry.npmmirror.com/@types/node-fetch/-/node-fetch-2.6.13.tgz"
    },
    "@types/node@26.1.2": {
      "integrity": "sha512-Vu4a5UFA9rIIFJ7rB/Vaafh9lrCQszopTCx6KjFboXTGQbPNasehVR5TEiithSDGyd1DEiUByggTZsg8jukeIg==",
      "dependencies": [
        "undici-types"
      ],
      "tarball": "https://registry.npmmirror.com/@types/node/-/node-26.1.2.tgz"
    },
    "@types/ws@8.18.1": {
      "integrity": "sha512-ThVF6DCVhA8kUGy+aazFQ4kXQ7E1Ty7A3ypFOe0IcJV8O/M511G99AW24irKrW56Wt44yG9+ij8FaqoBGkuBXg==",
      "dependencies": [
        "@types/node"
      ],
      "tarball": "https://registry.npmmirror.com/@types/ws/-/ws-8.18.1.tgz"
    },
    "@typescript/typescript-aix-ppc64@7.0.2": {
      "integrity": "sha512-MTKKkWB7p/0E9xi1d1tHtZ5PiLkGEMIq88pK2CubZjOsLtYTLqhgIgi6zepFa+9GHZ6h05NMCkQxGKiPXMxXtQ==",
      "os": ["aix"],
      "cpu": ["ppc64"],
      "tarball": "https://registry.npmmirror.com/@typescript/typescript-aix-ppc64/-/typescript-aix-ppc64-7.0.2.tgz"
    },
    "@typescript/typescript-darwin-arm64@7.0.2": {
      "integrity": "sha512-gowzar9MwS/aRWp6f3a4KUqzRjAZjOsmGNCM6LcTgXum+dBfgsBVMN+AgvOCCbguXyick6LJhpBszxMebJ8syA==",
      "os": ["darwin"],
      "cpu": ["arm64"],
      "tarball": "https://registry.npmmirror.com/@typescript/typescript-darwin-arm64/-/typescript-darwin-arm64-7.0.2.tgz"
    },
    "@typescript/typescript-darwin-x64@7.0.2": {
      "integrity": "sha512-SZ9xZInqApNlNGc9s0W1VSsktYSOe9cFqNOIqmN1Gs8SmkjKZYFt017G4VwPxASInODuAdbTW7sXiFUf893RgA==",
      "os": ["darwin"],
      "cpu": ["x64"],
      "tarball": "https://registry.npmmirror.com/@typescript/typescript-darwin-x64/-/typescript-darwin-x64-7.0.2.tgz"
    },
    "@typescript/typescript-freebsd-arm64@7.0.2": {
      "integrity": "sha512-W5NH4y/J0plIIS5b2xvTEkU7JFxyqdMAOgf+Ilhl0vHQXKO5dZoxd+C/jEtq56c4F3wk71RB4BMRQ2XdI+bwYQ==",
      "os": ["freebsd"],
      "cpu": ["arm64"],
      "tarball": "https://registry.npmmirror.com/@typescript/typescript-freebsd-arm64/-/typescript-freebsd-arm64-7.0.2.tgz"
    },
    "@typescript/typescript-freebsd-x64@7.0.2": {
      "integrity": "sha512-UMGDx5sTpzNw3WiPebH7l90IWfJggEd+egHt/q6p7/Cm3zqoV7VxkGXt+3DxPIw8CcmvAB0j3sVVfbhX+M4Tpw==",
      "os": ["freebsd"],
      "cpu": ["x64"],
      "tarball": "https://registry.npmmirror.com/@typescript/typescript-freebsd-x64/-/typescript-freebsd-x64-7.0.2.tgz"
    },
    "@typescript/typescript-linux-arm64@7.0.2": {
      "integrity": "sha512-Qh4eU4/y3yDjnfjjyPYihMj5/ODIlmt+Bzu17OI+fiSRDW57QmU5SiN63exPRNJPKUzcc1INa1NXdrJ+MqHjUQ==",
      "os": ["linux"],
      "cpu": ["arm64"],
      "tarball": "https://registry.npmmirror.com/@typescript/typescript-linux-arm64/-/typescript-linux-arm64-7.0.2.tgz"
    },
    "@typescript/typescript-linux-arm@7.0.2": {
      "integrity": "sha512-gffT3xPz9sR7j/YJExkyPntrI0P2EP9XbOyWzth2/Gs0RstK+90RBcO0ncXoXy/beYll1SXw846Nf2zdnEz0QQ==",
      "os": ["linux"],
      "cpu": ["arm"],
      "tarball": "https://registry.npmmirror.com/@typescript/typescript-linux-arm/-/typescript-linux-arm-7.0.2.tgz"
    },
    "@typescript/typescript-linux-loong64@7.0.2": {
      "integrity": "sha512-uEHck9i8hoAzXPiYRib1O7miOnz23SxIeVl6F4LXox+qov1K35jHcEW6VHKvZI+pyvl7fZEP4MCU5LYvIq1GuQ==",
      "os": ["linux"],
      "cpu": ["loong64"],
      "tarball": "https://registry.npmmirror.com/@typescript/typescript-linux-loong64/-/typescript-linux-loong64-7.0.2.tgz"
    },
    "@typescript/typescript-linux-mips64el@7.0.2": {
      "integrity": "sha512-R4KvAMnE43W5Qeqb0Ly56O3mWMWIAgsMyz36DCaycd5nbg/9kzm0liw3JocfRqyJY0KPmzFjbswozXyW0DnIYA==",
      "os": ["linux"],
      "cpu": ["mips64el"],
      "tarball": "https://registry.npmmirror.com/@typescript/typescript-linux-mips64el/-/typescript-linux-mips64el-7.0.2.tgz"
    },
    "@typescript/typescript-linux-ppc64@7.0.2": {
      "integrity": "sha512-DORx5b3sd/4S7eayxm4FQv+A7CrkUIGRaHiwI8oiHTAI1fAPWhF4J0vAlkC8biAlHSVVwxMQ3tjZ2/DVbnQiiA==",
      "os": ["linux"],
      "cpu": ["ppc64"],
      "tarball": "https://registry.npmmirror.com/@typescript/typescript-linux-ppc64/-/typescript-linux-ppc64-7.0.2.tgz"
    },
    "@typescript/typescript-linux-riscv64@7.0.2": {
      "integrity": "sha512-wf0jqEDOjrPRnKwYRyyJDRo11KMbvMFrU+q4zqKyChODBzvlkbhNQfKvLxQCcwTpdDaXSHZTVuh0JoCrKCUMHQ==",
      "os": ["linux"],
      "cpu": ["riscv64"],
      "tarball": "https://registry.npmmirror.com/@typescript/typescript-linux-riscv64/-/typescript-linux-riscv64-7.0.2.tgz"
    },
    "@typescript/typescript-linux-s390x@7.0.2": {
      "integrity": "sha512-IkwJc3L7yhytWd/ewjyxNDfOmswCm9GWMJT/ue/dU4aZNbwZeYAetq42VyLmsmSjvoX7z74X6ZaYCtzAr0EuGw==",
      "os": ["linux"],
      "cpu": ["s390x"],
      "tarball": "https://registry.npmmirror.com/@typescript/typescript-linux-s390x/-/typescript-linux-s390x-7.0.2.tgz"
    },
    "@typescript/typescript-linux-x64@7.0.2": {
      "integrity": "sha512-EYdf2cNg7rgCWJnxCdJ+F3V39O8ihb37eHAu1LK8oAFizgTQbPOK7zHHXbPt8rX24COqODXeI3sIf0fCXG7H/A==",
      "os": ["linux"],
      "cpu": ["x64"],
      "tarball": "https://registry.npmmirror.com/@typescript/typescript-linux-x64/-/typescript-linux-x64-7.0.2.tgz"
    },
    "@typescript/typescript-netbsd-arm64@7.0.2": {
      "integrity": "sha512-+polYF4MF04aPpO5FTkHran9yUQDSXqy5GiSDKpsll5jy3l3+g9QLhpf39T+ePtefhXLOGrLl0QIjkQP6VnelA==",
      "os": ["netbsd"],
      "cpu": ["arm64"],
      "tarball": "https://registry.npmmirror.com/@typescript/typescript-netbsd-arm64/-/typescript-netbsd-arm64-7.0.2.tgz"
    },
    "@typescript/typescript-netbsd-x64@7.0.2": {
      "integrity": "sha512-8YIT0EHM/3dq10ZOVF/A7pc/YSMtbcecct4rWtexrnSCHOPcpC2KTLXfTCR6vDpnSiY12heNb1GiN/wu+T/FyA==",
      "os": ["netbsd"],
      "cpu": ["x64"],
      "tarball": "https://registry.npmmirror.com/@typescript/typescript-netbsd-x64/-/typescript-netbsd-x64-7.0.2.tgz"
    },
    "@typescript/typescript-openbsd-arm64@7.0.2": {
      "integrity": "sha512-APT8+ClYnuYm1u9+kgGXoMj2VzWzcymwh2gNSQVySHfkRDGOTVkoWLjCmOQSaO+PoqQ57B0flRp9SA+7GnnkzQ==",
      "os": ["openbsd"],
      "cpu": ["arm64"],
      "tarball": "https://registry.npmmirror.com/@typescript/typescript-openbsd-arm64/-/typescript-openbsd-arm64-7.0.2.tgz"
    },
    "@typescript/typescript-openbsd-x64@7.0.2": {
      "integrity": "sha512-yX7s+Q0Dln0Dt9tEzZsAjXXR/+ytBM7AlglaqyeMPxQszJ1JhlJdZ6jLA+IzldHtflX81em7lDao1xXu+aRRkg==",
      "os": ["openbsd"],
      "cpu": ["x64"],
      "tarball": "https://registry.npmmirror.com/@typescript/typescript-openbsd-x64/-/typescript-openbsd-x64-7.0.2.tgz"
    },
    "@typescript/typescript-sunos-x64@7.0.2": {
      "integrity": "sha512-dLJDGaLZ1D4HPQn62u1n8mBDkJREwMsAkCdkwd4Ieqw+x3TUyTsqY0YiBCtE6H6OzzgGk3iuZ3vFWRS+E8/d1g==",
      "os": ["sunos"],
      "cpu": ["x64"],
      "tarball": "https://registry.npmmirror.com/@typescript/typescript-sunos-x64/-/typescript-sunos-x64-7.0.2.tgz"
    },
    "@typescript/typescript-win32-arm64@7.0.2": {
      "integrity": "sha512-Gyl1Vy6OsWesLzmq+EP0Fb7b4Nid5232AvcA2SFcdYreldpNtYFFofPjnt62y9hQy7VTaZp65ICJjuAQRaVcIQ==",
      "os": ["win32"],
      "cpu": ["arm64"],
      "tarball": "https://registry.npmmirror.com/@typescript/typescript-win32-arm64/-/typescript-win32-arm64-7.0.2.tgz"
    },
    "@typescript/typescript-win32-x64@7.0.2": {
      "integrity": "sha512-0BQ3HkAHHlKLSp1qRvf3SUhGpGsDuhB/jgFw75guyqbxJqEaS0Cw/VFO8i2nHglJUzQCRtMMR/IBAKE3ETMC4g==",
      "os": ["win32"],
      "cpu": ["x64"],
      "tarball": "https://registry.npmmirror.com/@typescript/typescript-win32-x64/-/typescript-win32-x64-7.0.2.tgz"
    },
    "asynckit@0.4.0": {
      "integrity": "sha512-Oei9OH4tRh0YqU3GxhX79dM/mwVgvbZJaSNaRk+bshkj0S5cfHcgYakreBjrHwatXKbz+IoIdYLxrKim2MjW0Q==",
      "tarball": "https://registry.npmmirror.com/asynckit/-/asynckit-0.4.0.tgz"
    },
    "bundle-name@4.1.0": {
      "integrity": "sha512-tjwM5exMg6BGRI+kNmTntNsvdZS1X8BFYS6tnJ2hdH0kVxM6/eVZ2xy+FqStSWvYmtfFMDLIxurorHwDKfDz5Q==",
      "dependencies": [
        "run-applescript"
      ],
      "tarball": "https://registry.npmmirror.com/bundle-name/-/bundle-name-4.1.0.tgz"
    },
    "call-bind-apply-helpers@1.0.2": {
      "integrity": "sha512-Sp1ablJ0ivDkSzjcaJdxEunN5/XvksFJ2sMBFfq6x0ryhQV/2b/KwFe21cMpmHtPOSij8K99/wSfoEuTObmuMQ==",
      "dependencies": [
        "es-errors",
        "function-bind"
      ],
      "tarball": "https://registry.npmmirror.com/call-bind-apply-helpers/-/call-bind-apply-helpers-1.0.2.tgz"
    },
    "combined-stream@1.0.8": {
      "integrity": "sha512-FQN4MRfuJeHf7cBbBMJFXhKSDq+2kAArBlmRBvcvFE5BB1HZKXtSFASDhdlz9zOYwxh8lDdnvmMOe/+5cdoEdg==",
      "dependencies": [
        "delayed-stream"
      ],
      "tarball": "https://registry.npmmirror.com/combined-stream/-/combined-stream-1.0.8.tgz"
    },
    "copy-anything@4.1.0": {
      "integrity": "sha512-ufbM3smX/Jbnpk5wcQjzd1MgBpzmqfNETUAyZNrGwU9foRlyHoGzMMBBCRzEhQLBjZfFDE1W2ufPXX2vdWkV8Q==",
      "tarball": "https://registry.npmmirror.com/copy-anything/-/copy-anything-4.1.0.tgz"
    },
    "data-uri-to-buffer@4.0.1": {
      "integrity": "sha512-0R9ikRb668HB7QDxT1vkpuUBtqc53YyAwMwGeUFKRojY/NWKvdZ+9UYtRfGmhqNbRkTSVpMbmyhXipFFv2cb/A==",
      "tarball": "https://registry.npmmirror.com/data-uri-to-buffer/-/data-uri-to-buffer-4.0.1.tgz"
    },
    "default-browser-id@5.0.1": {
      "integrity": "sha512-x1VCxdX4t+8wVfd1so/9w+vQ4vx7lKd2Qp5tDRutErwmR85OgmfX7RlLRMWafRMY7hbEiXIbudNrjOAPa/hL8Q==",
      "tarball": "https://registry.npmmirror.com/default-browser-id/-/default-browser-id-5.0.1.tgz"
    },
    "default-browser@5.5.1": {
      "integrity": "sha512-m1pAzaJgZ/gssEqlOhJkPJp8Xly7QyW6xcrkUa2KKcDeDSEMP7X8xipU3snUcfisTQx0w1AGae+9UtJSfVnXGw==",
      "dependencies": [
        "bundle-name",
        "default-browser-id"
      ],
      "tarball": "https://registry.npmmirror.com/default-browser/-/default-browser-5.5.1.tgz"
    },
    "define-lazy-prop@3.0.0": {
      "integrity": "sha512-N+MeXYoqr3pOgn8xfyRPREN7gHakLYjhsHhWGT3fWAiL4IkAt0iDw14QiiEm2bE30c5XX5q0FtAA3CK5f9/BUg==",
      "tarball": "https://registry.npmmirror.com/define-lazy-prop/-/define-lazy-prop-3.0.0.tgz"
    },
    "delayed-stream@1.0.0": {
      "integrity": "sha512-ZySD7Nf91aLB0RxL4KGrKHBXl7Eds1DAmEdcoVawXnLD7SDhpNgtuII2aAkg7a7QS41jxPSZ17p4VdGnMHk3MQ==",
      "tarball": "https://registry.npmmirror.com/delayed-stream/-/delayed-stream-1.0.0.tgz"
    },
    "detect-libc@2.0.2": {
      "integrity": "sha512-UX6sGumvvqSaXgdKGUsgZWqcUyIXZ/vZTrlRT/iobiKhGL0zL4d3osHj3uqllWJK+i+sixDS/3COVEOFbupFyw==",
      "tarball": "https://registry.npmmirror.com/detect-libc/-/detect-libc-2.0.2.tgz"
    },
    "dunder-proto@1.0.1": {
      "integrity": "sha512-KIN/nDJBQRcXw0MLVhZE9iQHmG68qAVIBg9CqmUYjmQIhgij9U5MFvrqkUL5FbtyyzZuOeOt0zdeRe4UY7ct+A==",
      "dependencies": [
        "call-bind-apply-helpers",
        "es-errors",
        "gopd"
      ],
      "tarball": "https://registry.npmmirror.com/dunder-proto/-/dunder-proto-1.0.1.tgz"
    },
    "es-define-property@1.0.1": {
      "integrity": "sha512-e3nRfgfUZ4rNGL232gUgX06QNyyez04KdjFrF+LTRoOXmrOgFKDg4BCdsjW8EnT69eqdYGmRpJwiPVYNrCaW3g==",
      "tarball": "https://registry.npmmirror.com/es-define-property/-/es-define-property-1.0.1.tgz"
    },
    "es-errors@1.3.0": {
      "integrity": "sha512-Zf5H2Kxt2xjTvbJvP2ZWLEICxA6j+hAmMzIlypy4xcBg1vKVnx89Wy0GbS+kf5cwCVFFzdCFh2XSCFNULS6csw==",
      "tarball": "https://registry.npmmirror.com/es-errors/-/es-errors-1.3.0.tgz"
    },
    "es-object-atoms@1.1.2": {
      "integrity": "sha512-HWcBoN6NileqtSydK2FqHbS/LoDd2pqrnQHLyJzBj4kOp/ky2MWMN694xOfkK8/SnUsW2DH7EfyVlydKCsm1Zw==",
      "dependencies": [
        "es-errors"
      ],
      "tarball": "https://registry.npmmirror.com/es-object-atoms/-/es-object-atoms-1.1.2.tgz"
    },
    "es-set-tostringtag@2.1.0": {
      "integrity": "sha512-j6vWzfrGVfyXxge+O0x5sh6cvxAog0a/4Rdd2K36zCMV5eJ+/+tOAngRO8cODMNWbVRdVlmGZQL2YS3yR8bIUA==",
      "dependencies": [
        "es-errors",
        "get-intrinsic",
        "has-tostringtag",
        "hasown"
      ],
      "tarball": "https://registry.npmmirror.com/es-set-tostringtag/-/es-set-tostringtag-2.1.0.tgz"
    },
    "event-source-polyfill@1.0.31": {
      "integrity": "sha512-4IJSItgS/41IxN5UVAVuAyczwZF7ZIEsM1XAoUzIHA6A+xzusEZUutdXz2Nr+MQPLxfTiCvqE79/C8HT8fKFvA==",
      "tarball": "https://registry.npmmirror.com/event-source-polyfill/-/event-source-polyfill-1.0.31.tgz"
    },
    "fetch-blob@3.2.0": {
      "integrity": "sha512-7yAQpD2UMJzLi1Dqv7qFYnPbaPx7ZfFK6PiIxQ4PfkGPyNyl2Ugx+a/umUonmKqjhM4DnfbMvdX6otXq83soQQ==",
      "dependencies": [
        "node-domexception",
        "web-streams-polyfill"
      ],
      "tarball": "https://registry.npmmirror.com/fetch-blob/-/fetch-blob-3.2.0.tgz"
    },
    "form-data@4.0.6": {
      "integrity": "sha512-vKatAh4SlVfgbv+YtmhiRjhEMJsYpsG1Y2rMQtR+SVSbytsSD1YGzDIcrAJmdFec88u/+VoGmxnl+80gL1tRCQ==",
      "dependencies": [
        "asynckit",
        "combined-stream",
        "es-set-tostringtag",
        "hasown",
        "mime-types"
      ],
      "tarball": "https://registry.npmmirror.com/form-data/-/form-data-4.0.6.tgz"
    },
    "formdata-polyfill@4.0.10": {
      "integrity": "sha512-buewHzMvYL29jdeQTVILecSaZKnt/RJWjoZCF5OW60Z67/GmSLBkOFM7qh1PI3zFNtJbaZL5eQu1vLfazOwj4g==",
      "dependencies": [
        "fetch-blob"
      ],
      "tarball": "https://registry.npmmirror.com/formdata-polyfill/-/formdata-polyfill-4.0.10.tgz"
    },
    "function-bind@1.1.2": {
      "integrity": "sha512-7XHNxH7qX9xG5mIwxkhumTox/MIRNcOgDrxWsMt2pAr23WHp6MrRlN7FBSFpCpr+oVO0F744iUgR82nJMfG2SA==",
      "tarball": "https://registry.npmmirror.com/function-bind/-/function-bind-1.1.2.tgz"
    },
    "get-intrinsic@1.3.0": {
      "integrity": "sha512-9fSjSaos/fRIVIp+xSJlE6lfwhES7LNtKaCBIamHsjr2na1BiABJPo0mOjjz8GJDURarmCPGqaiVg5mfjb98CQ==",
      "dependencies": [
        "call-bind-apply-helpers",
        "es-define-property",
        "es-errors",
        "es-object-atoms",
        "function-bind",
        "get-proto",
        "gopd",
        "has-symbols",
        "hasown",
        "math-intrinsics"
      ],
      "tarball": "https://registry.npmmirror.com/get-intrinsic/-/get-intrinsic-1.3.0.tgz"
    },
    "get-proto@1.0.1": {
      "integrity": "sha512-sTSfBjoXBp89JvIKIefqw7U2CCebsc74kiY6awiGogKtoSGbgjYE/G/+l9sF3MWFPNc9IcoOC4ODfKHfxFmp0g==",
      "dependencies": [
        "dunder-proto",
        "es-object-atoms"
      ],
      "tarball": "https://registry.npmmirror.com/get-proto/-/get-proto-1.0.1.tgz"
    },
    "gopd@1.2.0": {
      "integrity": "sha512-ZUKRh6/kUFoAiTAtTYPZJ3hw9wNxx+BIBOijnlG9PnrJsCcSjs1wyyD6vJpaYtgnzDrKYRSqf3OO6Rfa93xsRg==",
      "tarball": "https://registry.npmmirror.com/gopd/-/gopd-1.2.0.tgz"
    },
    "has-symbols@1.1.0": {
      "integrity": "sha512-1cDNdwJ2Jaohmb3sg4OmKaMBwuC48sYni5HUw2DvsC8LjGTLK9h+eb1X6RyuOHe4hT0ULCW68iomhjUoKUqlPQ==",
      "tarball": "https://registry.npmmirror.com/has-symbols/-/has-symbols-1.1.0.tgz"
    },
    "has-tostringtag@1.0.2": {
      "integrity": "sha512-NqADB8VjPFLM2V0VvHUewwwsw0ZWBaIdgo+ieHtK3hasLz4qeCRjYcqfB6AQrBggRKppKF8L52/VqdVsO47Dlw==",
      "dependencies": [
        "has-symbols"
      ],
      "tarball": "https://registry.npmmirror.com/has-tostringtag/-/has-tostringtag-1.0.2.tgz"
    },
    "hasown@2.0.4": {
      "integrity": "sha512-T2UbfbBEF32wiepXIsMlTW9+dDYC6wMh/t/vYA4tuOMKqWz/n3vr1NFSxQiyP+zk2mXsoMA/i/7qV6LKut1t1A==",
      "dependencies": [
        "function-bind"
      ],
      "tarball": "https://registry.npmmirror.com/hasown/-/hasown-2.0.4.tgz"
    },
    "is-docker@3.0.0": {
      "integrity": "sha512-eljcgEDlEns/7AXFosB5K/2nCM4P7FQPkGc/DWLy5rmFEWvZayGrik1d9/QIY5nJ4f9YsVvBkA6kJpHn9rISdQ==",
      "bin": true,
      "tarball": "https://registry.npmmirror.com/is-docker/-/is-docker-3.0.0.tgz"
    },
    "is-inside-container@1.0.0": {
      "integrity": "sha512-KIYLCCJghfHZxqjYBE7rEy0OBuTd5xCHS7tHVgvCLkx7StIoaxwNW3hCALgEUjFfeRk+MG/Qxmp/vtETEF3tRA==",
      "dependencies": [
        "is-docker"
      ],
      "bin": true,
      "tarball": "https://registry.npmmirror.com/is-inside-container/-/is-inside-container-1.0.0.tgz"
    },
    "is-wsl@3.1.1": {
      "integrity": "sha512-e6rvdUCiQCAuumZslxRJWR/Doq4VpPR82kqclvcS0efgt430SlGIk05vdCN58+VrzgtIcfNODjozVielycD4Sw==",
      "dependencies": [
        "is-inside-container"
      ],
      "tarball": "https://registry.npmmirror.com/is-wsl/-/is-wsl-3.1.1.tgz"
    },
    "js-base64@3.9.2": {
      "integrity": "sha512-6zayE8QlUdiweYI6cETD/XBSqFcoCUlufn/29PJR99r82x1yDnIprRca0YvAYpAW+ez0GuQkVBC6xG5QkD7OjA==",
      "tarball": "https://registry.npmmirror.com/js-base64/-/js-base64-3.9.2.tgz"
    },
    "libsql@0.3.19": {
      "integrity": "sha512-Aj5cQ5uk/6fHdmeW0TiXK42FqUlwx7ytmMLPSaUQPin5HKKKuUPD62MAbN4OEweGBBI7q1BekoEN4gPUEL6MZA==",
      "dependencies": [
        "@neon-rs/load",
        "detect-libc"
      ],
      "optionalDependencies": [
        "@libsql/darwin-arm64",
        "@libsql/darwin-x64",
        "@libsql/linux-arm64-gnu",
        "@libsql/linux-arm64-musl",
        "@libsql/linux-x64-gnu",
        "@libsql/linux-x64-musl",
        "@libsql/win32-x64-msvc"
      ],
      "os": ["darwin", "linux", "win32"],
      "cpu": ["x64", "arm64", "wasm32"],
      "tarball": "https://registry.npmmirror.com/libsql/-/libsql-0.3.19.tgz"
    },
    "math-intrinsics@1.1.0": {
      "integrity": "sha512-/IXtbwEk5HTPyEwyKX6hGkYXxM9nbj64B+ilVJnC/R6B0pH5G4V3b0pVbL7DBj4tkhBAppbQUlf6F6Xl9LHu1g==",
      "tarball": "https://registry.npmmirror.com/math-intrinsics/-/math-intrinsics-1.1.0.tgz"
    },
    "mime-db@1.52.0": {
      "integrity": "sha512-sPU4uV7dYlvtWJxwwxHD0PuihVNiE7TyAbQ5SWxDCB9mUYvOgroQOwYQQOKPJ8CIbE+1ETVlOoK1UC2nU3gYvg==",
      "tarball": "https://registry.npmmirror.com/mime-db/-/mime-db-1.52.0.tgz"
    },
    "mime-types@2.1.35": {
      "integrity": "sha512-ZDY+bPm5zTTF+YpCrAU9nK0UgICYPT0QtT1NZWFv4s++TNkcgVaT0g6+4R2uI4MjQjzysHB1zxuWL50hzaeXiw==",
      "dependencies": [
        "mime-db"
      ],
      "tarball": "https://registry.npmmirror.com/mime-types/-/mime-types-2.1.35.tgz"
    },
    "node-domexception@1.0.0": {
      "integrity": "sha512-/jKZoMpw0F8GRwl4/eLROPA3cfcXtLApP0QzLmUT/HuPCZWyB7IY9ZrMeKw2O/nFIqPQB3PVM9aYm0F312AXDQ==",
      "deprecated": true,
      "tarball": "https://registry.npmmirror.com/node-domexception/-/node-domexception-1.0.0.tgz"
    },
    "node-fetch@2.7.0": {
      "integrity": "sha512-c4FRfUm/dbcWZ7U+1Wq0AwCyFL+3nt2bEw05wfxSz+DWpWsitgmSgYmy2dQdWyKC1694ELPqMs/YzUSNozLt8A==",
      "dependencies": [
        "whatwg-url"
      ],
      "tarball": "https://registry.npmmirror.com/node-fetch/-/node-fetch-2.7.0.tgz"
    },
    "node-fetch@3.3.2": {
      "integrity": "sha512-dRB78srN/l6gqWulah9SrxeYnxeddIG30+GOqK/9OlLVyLg3HPnr6SqOWTWOXKRwC2eGYCkZ59NNuSgvSrpgOA==",
      "dependencies": [
        "data-uri-to-buffer",
        "fetch-blob",
        "formdata-polyfill"
      ],
      "tarball": "https://registry.npmmirror.com/node-fetch/-/node-fetch-3.3.2.tgz"
    },
    "open@10.2.0": {
      "integrity": "sha512-YgBpdJHPyQ2UE5x+hlSXcnejzAvD0b22U2OuAP+8OnlJT+PjWPxtgmGqKKc+RgTM63U9gN0YzrYc71R2WT/hTA==",
      "dependencies": [
        "default-browser",
        "define-lazy-prop",
        "is-inside-container",
        "wsl-utils"
      ],
      "tarball": "https://registry.npmmirror.com/open/-/open-10.2.0.tgz"
    },
    "pg-connection-string@2.14.0": {
      "integrity": "sha512-XwWDGcLRGCXAR8F/AM5bG7Q+A3Wm2s6QeEjlOKZLlH3UYcguiqCWKyWXVag5TLTIjR7oOJUY8kcADaZgWPyLeg==",
      "tarball": "https://registry.npmmirror.com/pg-connection-string/-/pg-connection-string-2.14.0.tgz"
    },
    "run-applescript@7.1.0": {
      "integrity": "sha512-DPe5pVFaAsinSaV6QjQ6gdiedWDcRCbUuiQfQa2wmWV7+xC9bGulGI8+TdRmoFkAPaBXk8CrAbnlY2ISniJ47Q==",
      "tarball": "https://registry.npmmirror.com/run-applescript/-/run-applescript-7.1.0.tgz"
    },
    "superjson@2.2.6": {
      "integrity": "sha512-H+ue8Zo4vJmV2nRjpx86P35lzwDT3nItnIsocgumgr0hHMQ+ZGq5vrERg9kJBo5AWGmxZDhzDo+WVIJqkB0cGA==",
      "dependencies": [
        "copy-anything"
      ],
      "tarball": "https://registry.npmmirror.com/superjson/-/superjson-2.2.6.tgz"
    },
    "temporal-polyfill@0.3.2": {
      "integrity": "sha512-TzHthD/heRK947GNiSu3Y5gSPpeUDH34+LESnfsq8bqpFhsB79HFBX8+Z834IVX68P3EUyRPZK5bL/1fh437Eg==",
      "dependencies": [
        "temporal-spec"
      ],
      "tarball": "https://registry.npmmirror.com/temporal-polyfill/-/temporal-polyfill-0.3.2.tgz"
    },
    "temporal-spec@0.3.1": {
      "integrity": "sha512-B4TUhezh9knfSIMwt7RVggApDRJZo73uZdj8AacL2mZ8RP5KtLianh2MXxL06GN9ESYiIsiuoLQhgVfwe55Yhw==",
      "tarball": "https://registry.npmmirror.com/temporal-spec/-/temporal-spec-0.3.1.tgz"
    },
    "tr46@0.0.3": {
      "integrity": "sha512-N3WMsuqV66lT30CrXNbEjx4GEwlow3v6rr4mCcv6prnfwhS01rkgyFdjPNBYd9br7LpXV1+Emh01fHnq2Gdgrw==",
      "tarball": "https://registry.npmmirror.com/tr46/-/tr46-0.0.3.tgz"
    },
    "typescript@7.0.2": {
      "integrity": "sha512-8FYau96o3NKOhbjKi/qNvG/W5jhzxkbdm5sj9AbZ/5T5sWqn3hJgLfGx27sRKZWTvyzCP8dLRBTf5tBTSRVUNA==",
      "optionalDependencies": [
        "@typescript/typescript-aix-ppc64",
        "@typescript/typescript-darwin-arm64",
        "@typescript/typescript-darwin-x64",
        "@typescript/typescript-freebsd-arm64",
        "@typescript/typescript-freebsd-x64",
        "@typescript/typescript-linux-arm",
        "@typescript/typescript-linux-arm64",
        "@typescript/typescript-linux-loong64",
        "@typescript/typescript-linux-mips64el",
        "@typescript/typescript-linux-ppc64",
        "@typescript/typescript-linux-riscv64",
        "@typescript/typescript-linux-s390x",
        "@typescript/typescript-linux-x64",
        "@typescript/typescript-netbsd-arm64",
        "@typescript/typescript-netbsd-x64",
        "@typescript/typescript-openbsd-arm64",
        "@typescript/typescript-openbsd-x64",
        "@typescript/typescript-sunos-x64",
        "@typescript/typescript-win32-arm64",
        "@typescript/typescript-win32-x64"
      ],
      "bin": true,
      "tarball": "https://registry.npmmirror.com/typescript/-/typescript-7.0.2.tgz"
    },
    "undici-types@8.3.0": {
      "integrity": "sha512-j375ScV60dom+YkPFIfTLcOiPxkN/buHz5GobjLhixFuANaNs3C9l4GmrWqejgXWJ7BbJcFYpTEUkS1Ge8bpZQ==",
      "tarball": "https://registry.npmmirror.com/undici-types/-/undici-types-8.3.0.tgz"
    },
    "web-streams-polyfill@3.3.3": {
      "integrity": "sha512-d2JWLCivmZYTSIoge9MsgFCZrt571BikcWGYkjC1khllbTeDlGqZ2D8vD8E/lJa8WGWbb7Plm8/XJYV7IJHZZw==",
      "tarball": "https://registry.npmmirror.com/web-streams-polyfill/-/web-streams-polyfill-3.3.3.tgz"
    },
    "webidl-conversions@3.0.1": {
      "integrity": "sha512-2JAn3z8AR6rjK8Sm8orRC0h/bcl/DqL7tRPdGZ4I1CjdF+EaMLmYxBHyXuKL849eucPFhvBoxMsflfOb8kxaeQ==",
      "tarball": "https://registry.npmmirror.com/webidl-conversions/-/webidl-conversions-3.0.1.tgz"
    },
    "whatwg-url@5.0.0": {
      "integrity": "sha512-saE57nupxk6v3HY35+jzBwYa0rKSy0XR8JSxZPwgLr7ys0IBzhGviA1/TUGJLmSVqs8pb9AnvICXEuOHLprYTw==",
      "dependencies": [
        "tr46",
        "webidl-conversions"
      ],
      "tarball": "https://registry.npmmirror.com/whatwg-url/-/whatwg-url-5.0.0.tgz"
    },
    "ws@8.21.1": {
      "integrity": "sha512-+0NTnW77fFN/DjQi6k/Sq/Yvk4Sgajw7urW8V+asjXnRgDs9gyGkdb7EzgfhA4goXsRIZKE28fzIXBHEzhuiWw==",
      "tarball": "https://registry.npmmirror.com/ws/-/ws-8.21.1.tgz"
    },
    "wsl-utils@0.1.0": {
      "integrity": "sha512-h3Fbisa2nKGPxCpm89Hk33lBLsnaGBvctQopaBSOW/uIs6FTe1ATyAnKFJrzVs9vpGdsTe73WF3V4lIsk4Gacw==",
      "dependencies": [
        "is-wsl"
      ],
      "tarball": "https://registry.npmmirror.com/wsl-utils/-/wsl-utils-0.1.0.tgz"
    },
    "zod@4.5.4": {
      "integrity": "sha512-sC95tT5iHHH9gtpj6A81kh+NEaRAUFN+qlUPDUbRfOMvNf5QCBqsb3WgvnpVtK5Y+4UfA6KqufotuTvMGiTlsA==",
      "tarball": "https://registry.npmmirror.com/zod/-/zod-4.5.4.tgz"
    }
  },
  "workspace": {
    "dependencies": [
      "jsr:@hono/hono@4",
      "npm:@libsql/client@0.5"
    ]
  }
}
